
Microsoft Visual Studio Solution File, Format Version 12.00
# Visual Studio Version 17
VisualStudioVersion = 17.6.33815.320
MinimumVisualStudioVersion = 10.0.40219.1
Project("{FAE04EC0-301F-11D3-BF4B-00C04F79EFBC}") = "NZWalksAPI", "NZWalksAPI\NZWalksAPI.csproj", "{7252ADED-A885-4C40-9F83-32F837F33852}"
EndProject
Global
	GlobalSection(SolutionConfigurationPlatforms) = preSolution
		Debug|Any CPU = Debug|Any CPU
		Release|Any CPU = Release|Any CPU
	EndGlobalSection
	GlobalSection(ProjectConfigurationPlatforms) = postSolution
		{7252ADED-A885-4C40-9F83-32F837F33852}.Debug|Any CPU.ActiveCfg = Debug|Any CPU
		{7252ADED-A885-4C40-9F83-32F837F33852}.Debug|Any CPU.Build.0 = Debug|Any CPU
		{7252ADED-A885-4C40-9F83-32F837F33852}.Release|Any CPU.ActiveCfg = Release|Any CPU
		{7252ADED-A885-4C40-9F83-32F837F33852}.Release|Any CPU.Build.0 = Release|Any CPU
	EndGlobalSection
	GlobalSection(SolutionProperties) = preSolution
		HideSolutionNode = FALSE
	EndGlobalSection
	GlobalSection(ExtensibilityGlobals) = postSolution
		SolutionGuid = {7E4E52E9-0E3C-49CE-9444-83C6E6A5903B}
	EndGlobalSection
EndGlobal
